// !$*UTF8*$!
{
	archiveVersion = 1;
	classes = {
	};
	objectVersion = 46;
	objects = {

/* Begin PBXBuildFile section */
		2F6650521F286F02009DC17F /* README.md in Sources */ = {isa = PBXBuildFile; fileRef = 2F6650511F286F02009DC17F /* README.md */; };
		C49C15371F2840C00002091E /* AppDelegate.swift in Sources */ = {isa = PBXBuildFile; fileRef = C49C15361F2840C00002091E /* AppDelegate.swift */; };
		C49C15391F2840C00002091E /* ViewController.swift in Sources */ = {isa = PBXBuildFile; fileRef = C49C15381F2840C00002091E /* ViewController.swift */; };
		C49C153C1F2840C00002091E /* Main.storyboard in Resources */ = {isa = PBXBuildFile; fileRef = C49C153A1F2840C00002091E /* Main.storyboard */; };
		C49C153E1F2840C00002091E /* Assets.xcassets in Resources */ = {isa = PBXBuildFile; fileRef = C49C153D1F2840C00002091E /* Assets.xcassets */; };
		C49C15411F2840C00002091E /* LaunchScreen.storyboard in Resources */ = {isa = PBXBuildFile; fileRef = C49C153F1F2840C00002091E /* LaunchScreen.storyboard */; };
/* End PBXBuildFile section */

/* Begin PBXFileReference section */
		2F6650511F286F02009DC17F /* README.md */ = {isa = PBXFileReference; fileEncoding = 4; lastKnownFileType = net.daringfireball.markdown; path = README.md; sourceTree = "<group>"; };
		C49C15331F2840C00002091E /* Love Array.app */ = {isa = PBXFileReference; explicitFileType = wrapper.application; includeInIndex = 0; path = "Love Array.app"; sourceTree = BUILT_PRODUCTS_DIR; };
		C49C15361F2840C00002091E /* AppDelegate.swift */ = {isa = PBXFileReference; lastKnownFileType = sourcecode.swift; path = AppDelegate.swift; sourceTree = "<group>"; };
		C49C15381F2840C00002091E /* ViewController.swift */ = {isa = PBXFileReference; lastKnownFileType = sourcecode.swift; path = ViewController.swift; sourceTree = "<group>"; };
		C49C153B1F2840C00002091E /* Base */ = {isa = PBXFileReference; lastKnownFileType = file.storyboard; name = Base; path = Base.lproj/Main.storyboard; sourceTree = "<group>"; };
		C49C153D1F2840C00002091E /* Assets.xcassets */ = {isa = PBXFileReference; lastKnownFileType = folder.assetcatalog; path = Assets.xcassets; sourceTree = "<group>"; };
		C49C15401F2840C00002091E /* Base */ = {isa = PBXFileReference; lastKnownFileType = file.storyboard; name = Base; path = Base.lproj/LaunchScreen.storyboard; sourceTree = "<group>"; };
		C49C15421F2840C00002091E /* Info.plist */ = {isa = PBXFileReference; lastKnownFileType = text.plist.xml; path = Info.plist; sourceTree = "<group>"; };
/* End PBXFileReference section */

/* Begin PBXFrameworksBuildPhase section */
		C49C15301F2840C00002091E /* Frameworks */ = {
			isa = PBXFrameworksBuildPhase;
			buildActionMask = 2147483647;
			files = (
			);
			runOnlyForDeploymentPostprocessing = 0;
		};
/* End PBXFrameworksBuildPhase section */

/* Begin PBXGroup section */
		C49C152A1F2840C00002091E = {
			isa = PBXGroup;
			children = (
				2F6650511F286F02009DC17F /* README.md */,
				C49C15351F2840C00002091E /* Love Array */,
				C49C15341F2840C00002091E /* Products */,
			);
			sourceTree = "<group>";
		};
		C49C15341F2840C00002091E /* Products */ = {
			isa = PBXGroup;
			children = (
				C49C15331F2840C00002091E /* Love Array.app */,
			);
			name = Products;
			sourceTree = "<group>";
		};
		C49C15351F2840C00002091E /* Love Array */ = {
			isa = PBXGroup;
			children = (
				C49C15361F2840C00002091E /* AppDelegate.swift */,
				C49C15381F2840C00002091E /* ViewController.swift */,
				C49C153A1F2840C00002091E /* Main.storyboard */,
				C49C153D1F2840C00002091E /* Assets.xcassets */,
				C49C153F1F2840C00002091E /* LaunchScreen.storyboard */,
				C49C15421F2840C00002091E /* Info.plist */,
			);
			path = "Love Array";
			sourceTree = "<group>";
		};
/* End PBXGroup section */

/* Begin PBXNativeTarget section */
		C49C15321F2840C00002091E /* Love Array */ = {
			isa = PBXNativeTarget;
			buildConfigurationList = C49C15451F2840C00002091E /* Build configuration list for PBXNativeTarget "Love Array" */;
			buildPhases = (
				C49C152F1F2840C00002091E /* Sources */,
				C49C15301F2840C00002091E /* Frameworks */,
				C49C15311F2840C00002091E /* Resources */,
			);
			buildRules = (
			);
			dependencies = (
			);
			name = "Love Array";
			productName = "Love Array";
			productReference = C49C15331F2840C00002091E /* Love Array.app */;
			productType = "com.apple.product-type.application";
		};
/* End PBXNativeTarget section */

/* Begin PBXProject section */
		C49C152B1F2840C00002091E /* Project object */ = {
			isa = PBXProject;
			attributes = {
				LastSwiftUpdateCheck = 0830;
				LastUpgradeCheck = 0830;
				ORGANIZATIONNAME = MasterUNG;
				TargetAttributes = {
					C49C15321F2840C00002091E = {
						CreatedOnToolsVersion = 8.3.3;
						ProvisioningStyle = Automatic;
					};
				};
			};
			buildConfigurationList = C49C152E1F2840C00002091E /* Build configuration list for PBXProject "Love Array" */;
			compatibilityVersion = "Xcode 3.2";
			developmentRegion = English;
			hasScannedForEncodings = 0;
			knownRegions = (
				en,
				Base,
			);
			mainGroup = C49C152A1F2840C00002091E;
			productRefGroup = C49C15341F2840C00002091E /* Products */;
			projectDirPath = "";
			projectRoot = "";
			targets = (
				C49C15321F2840C00002091E /* Love Array */,
			);
		};
/* End PBXProject section */

/* Begin PBXResourcesBuildPhase section */
		C49C15311F2840C00002091E /* Resources */ = {
			isa = PBXResourcesBuildPhase;
			buildActionMask = 2147483647;
			files = (
				C49C15411F2840C00002091E /* LaunchScreen.storyboard in Resources */,
				C49C153E1F2840C00002091E /* Assets.xcassets in Resources */,
				C49C153C1F2840C00002091E /* Main.storyboard in Resources */,
			);
			runOnlyForDeploymentPostprocessing = 0;
		};
/* End PBXResourcesBuildPhase section */

/* Begin PBXSourcesBuildPhase section */
		C49C152F1F2840C00002091E /* Sources */ = {
			isa = PBXSourcesBuildPhase;
			buildActionMask = 2147483647;
			files = (
				2F6650521F286F02009DC17F /* README.md in Sources */,
				C49C15391F2840C00002091E /* ViewController.swift in Sources */,
				C49C15371F2840C00002091E /* AppDelegate.swift in Sources */,
			);
			runOnlyForDeploymentPostprocessing = 0;
		};
/* End PBXSourcesBuildPhase section */

/* Begin PBXVariantGroup section */
		C49C153A1F2840C00002091E /* Main.storyboard */ = {
			isa = PBXVariantGroup;
			children = (
				C49C153B1F2840C00002091E /* Base */,
			);
			name = Main.storyboard;
			sourceTree = "<group>";
		};
		C49C153F1F2840C00002091E /* LaunchScreen.storyboard */ = {
			isa = PBXVariantGroup;
			children = (
				C49C15401F2840C00002091E /* Base */,
			);
			name = LaunchScreen.storyboard;
			sourceTree = "<group>";
		};
/* End PBXVariantGroup section */

/* Begin XCBuildConfiguration section */
		C49C15431F2840C00002091E /* Debug */ = {
			isa = XCBuildConfiguration;
			buildSettings = {
				ALWAYS_SEARCH_USER_PATHS = NO;
				CLANG_ANALYZER_NONNULL = YES;
				CLANG_ANALYZER_NUMBER_OBJECT_CONVERSION = YES_AGGRESSIVE;
				CLANG_CXX_LANGUAGE_STANDARD = "gnu++0x";
				CLANG_CXX_LIBRARY = "libc++";
				CLANG_ENABLE_MODULES = YES;
				CLANG_ENABLE_OBJC_ARC = YES;
				CLANG_WARN_BOOL_CONVERSION = YES;
				CLANG_WARN_CONSTANT_CONVERSION = YES;
				CLANG_WARN_DIRECT_OBJC_ISA_USAGE = YES_ERROR;
				CLANG_WARN_DOCUMENTATION_COMMENTS = YES;
				CLANG_WARN_EMPTY_BODY = YES;
				CLANG_WARN_ENUM_CONVERSION = YES;
				CLANG_WARN_INFINITE_RECURSION = YES;
				CLANG_WARN_INT_CONVERSION = YES;
				CLANG_WARN_OBJC_ROOT_CLASS = YES_ERROR;
				CLANG_WARN_SUSPICIOUS_MOVE = YES;
				CLANG_WARN_UNREACHABLE_CODE = YES;
				CLANG_WARN__DUPLICATE_METHOD_MATCH = YES;
				"CODE_SIGN_IDENTITY[sdk=iphoneos*]" = "iPhone Developer";
				COPY_PHASE_STRIP = NO;
				DEBUG_INFORMATION_FORMAT = dwarf;
				ENABLE_STRICT_OBJC_MSGSEND = YES;
				ENABLE_TESTABILITY = YES;
				GCC_C_LANGUAGE_STANDARD = gnu99;
				GCC_DYNAMIC_NO_PIC = NO;
				GCC_NO_COMMON_BLOCKS = YES;
				GCC_OPTIMIZATION_LEVEL = 0;
				GCC_PREPROCESSOR_DEFINITIONS = (
					"DEBUG=1",
					"$(inherited)",
				);
				GCC_WARN_64_TO_32_BIT_CONVERSION = YES;
				GCC_WARN_ABOUT_RETURN_TYPE = YES_ERROR;
				GCC_WARN_UNDECLARED_SELECTOR = YES;
				GCC_WARN_UNINITIALIZED_AUTOS = YES_AGGRESSIVE;
				GCC_WARN_UNUSED_FUNCTION = YES;
				GCC_WARN_UNUSED_VARIABLE = YES;
				IPHONEOS_DEPLOYMENT_TARGET = 10.3;
				MTL_ENABLE_DEBUG_INFO = YES;
				ONLY_ACTIVE_ARCH = YES;
				SDKROOT = iphoneos;
				SWIFT_ACTIVE_COMPILATION_CONDITIONS = DEBUG;
				SWIFT_OPTIMIZATION_LEVEL = "-Onone";
				TARGETED_DEVICE_FAMILY = "1,2";
			};
			name = Debug;
		};
		C49C15441F2840C00002091E /* Release */ = {
			isa = XCBuildConfiguration;
			buildSettings = {
				ALWAYS_SEARCH_USER_PATHS = NO;
				CLANG_ANALYZER_NONNULL = YES;
				CLANG_ANALYZER_NUMBER_OBJECT_CONVERSION = YES_AGGRESSIVE;
				CLANG_CXX_LANGUAGE_STANDARD = "gnu++0x";
				CLANG_CXX_LIBRARY = "libc++";
				CLANG_ENABLE_MODULES = YES;
				CLANG_ENABLE_OBJC_ARC = YES;
				CLANG_WARN_BOOL_CONVERSION = YES;
				CLANG_WARN_CONSTANT_CONVERSION = YES;
				CLANG_WARN_DIRECT_OBJC_ISA_USAGE = YES_ERROR;
				CLANG_WARN_DOCUMENTATION_COMMENTS = YES;
				CLANG_WARN_EMPTY_BODY = YES;
				CLANG_WARN_ENUM_CONVERSION = YES;
				CLANG_WARN_INFINITE_RECURSION = YES;
				CLANG_WARN_INT_CONVERSION = YES;
				CLANG_WARN_OBJC_ROOT_CLASS = YES_ERROR;
				CLANG_WARN_SUSPICIOUS_MOVE = YES;
				CLANG_WARN_UNREACHABLE_CODE = YES;
				CLANG_WARN__DUPLICATE_METHOD_MATCH = YES;
				"CODE_SIGN_IDENTITY[sdk=iphoneos*]" = "iPhone Developer";
				COPY_PHASE_STRIP = NO;
				DEBUG_INFORMATION_FORMAT = "dwarf-with-dsym";
				ENABLE_NS_ASSERTIONS = NO;
				ENABLE_STRICT_OBJC_MSGSEND = YES;
				GCC_C_LANGUAGE_STANDARD = gnu99;
				GCC_NO_COMMON_BLOCKS = YES;
				GCC_WARN_64_TO_32_BIT_CONVERSION = YES;
				GCC_WARN_ABOUT_RETURN_TYPE = YES_ERROR;
				GCC_WARN_UNDECLARED_SELECTOR = YES;
				GCC_WARN_UNINITIALIZED_AUTOS = YES_AGGRESSIVE;
				GCC_WARN_UNUSED_FUNCTION = YES;
				GCC_WARN_UNUSED_VARIABLE = YES;
				IPHONEOS_DEPLOYMENT_TARGET = 10.3;
				MTL_ENABLE_DEBUG_INFO = NO;
				SDKROOT = iphoneos;
				SWIFT_OPTIMIZATION_LEVEL = "-Owholemodule";
				TARGETED_DEVICE_FAMILY = "1,2";
				VALIDATE_PRODUCT = YES;
			};
			name = Release;
		};
		C49C15461F2840C00002091E /* Debug */ = {
			isa = XCBuildConfiguration;
			buildSettings = {
				ASSETCATALOG_COMPILER_APPICON_NAME = AppIcon;
				INFOPLIST_FILE = "Love Array/Info.plist";
				LD_RUNPATH_SEARCH_PATHS = "$(inherited) @executable_path/Frameworks";
				PRODUCT_BUNDLE_IDENTIFIER = "app.EWTC.Love-Array";
				PRODUCT_NAME = "$(TARGET_NAME)";
				SWIFT_VERSION = 3.0;
			};
			name = Debug;
		};
		C49C15471F2840C00002091E /* Release */ = {
			isa = XCBuildConfiguration;
			buildSettings = {
				ASSETCATALOG_COMPILER_APPICON_NAME = AppIcon;
				INFOPLIST_FILE = "Love Array/Info.plist";
				LD_RUNPATH_SEARCH_PATHS = "$(inherited) @executable_path/Frameworks";
				PRODUCT_BUNDLE_IDENTIFIER = "app.EWTC.Love-Array";
				PRODUCT_NAME = "$(TARGET_NAME)";
				SWIFT_VERSION = 3.0;
			};
			name = Release;
		};
/* End XCBuildConfiguration section */

/* Begin XCConfigurationList section */
		C49C152E1F2840C00002091E /* Build configuration list for PBXProject "Love Array" */ = {
			isa = XCConfigurationList;
			buildConfigurations = (
				C49C15431F2840C00002091E /* Debug */,
				C49C15441F2840C00002091E /* Release */,
			);
			defaultConfigurationIsVisible = 0;
			defaultConfigurationName = Release;
		};
		C49C15451F2840C00002091E /* Build configuration list for PBXNativeTarget "Love Array" */ = {
			isa = XCConfigurationList;
			buildConfigurations = (
				C49C15461F2840C00002091E /* Debug */,
				C49C15471F2840C00002091E /* Release */,
			);
			defaultConfigurationIsVisible = 0;
			defaultConfigurationName = Release;
		};
/* End XCConfigurationList section */
	};
	rootObject = C49C152B1F2840C00002091E /* Project object */;
}
